
Microsoft Visual Studio Solution File, Format Version 12.00
# Visual Studio 15
VisualStudioVersion = 15.0.27703.2026
MinimumVisualStudioVersion = 10.0.40219.1
Project("{FAE04EC0-301F-11D3-BF4B-00C04F79EFBC}") = "Deanery", "Deanery\Deanery.csproj", "{5ACABF07-8BFC-48F2-A75D-6745A9804272}"
EndProject
Global
	GlobalSection(SolutionConfigurationPlatforms) = preSolution
		Debug|Any CPU = Debug|Any CPU
		Release|Any CPU = Release|Any CPU
	EndGlobalSection
	GlobalSection(ProjectConfigurationPlatforms) = postSolution
		{5ACABF07-8BFC-48F2-A75D-6745A9804272}.Debug|Any CPU.ActiveCfg = Debug|Any CPU
		{5ACABF07-8BFC-48F2-A75D-6745A9804272}.Debug|Any CPU.Build.0 = Debug|Any CPU
		{5ACABF07-8BFC-48F2-A75D-6745A9804272}.Release|Any CPU.ActiveCfg = Release|Any CPU
		{5ACABF07-8BFC-48F2-A75D-6745A9804272}.Release|Any CPU.Build.0 = Release|Any CPU
	EndGlobalSection
	GlobalSection(SolutionProperties) = preSolution
		HideSolutionNode = FALSE
	EndGlobalSection
	GlobalSection(ExtensibilityGlobals) = postSolution
		SolutionGuid = {30DC99AB-5923-4B62-A97A-4F4D09E9C95C}
	EndGlobalSection
EndGlobal
